# This file was autogenerated by uv via the following command:
#    uv pip compile speech/requirements.in --universal --python-version 3.12 -c /tmp/claude-0/-home-user-60s-magic/a076eb52-4526-51df-8cbc-9f9403f40a39/scratchpad/old.lock --output-file speech/requirements.lock
anyio==4.15.1
    # via
    #   -c /tmp/claude-0/-home-user-60s-magic/a076eb52-4526-51df-8cbc-9f9403f40a39/scratchpad/old.lock
    #   httpx
av==18.1.0
    # via
    #   -c /tmp/claude-0/-home-user-60s-magic/a076eb52-4526-51df-8cbc-9f9403f40a39/scratchpad/old.lock
    #   faster-whisper
certifi==2026.7.22
    # via
    #   -c /tmp/claude-0/-home-user-60s-magic/a076eb52-4526-51df-8cbc-9f9403f40a39/scratchpad/old.lock
    #   httpcore
    #   httpx
    #   requests
charset-normalizer==3.5.1 ; platform_machine == 'arm64' and sys_platform == 'darwin'
    # via requests
click==8.5.0
    # via
    #   -c /tmp/claude-0/-home-user-60s-magic/a076eb52-4526-51df-8cbc-9f9403f40a39/scratchpad/old.lock
    #   huggingface-hub
colorama==0.4.6 ; sys_platform == 'win32'
    # via
    #   -c /tmp/claude-0/-home-user-60s-magic/a076eb52-4526-51df-8cbc-9f9403f40a39/scratchpad/old.lock
    #   tqdm
ctranslate2==4.8.2
    # via
    #   -c /tmp/claude-0/-home-user-60s-magic/a076eb52-4526-51df-8cbc-9f9403f40a39/scratchpad/old.lock
    #   -r speech/requirements.in
    #   faster-whisper
faster-whisper==1.2.1
    # via
    #   -c /tmp/claude-0/-home-user-60s-magic/a076eb52-4526-51df-8cbc-9f9403f40a39/scratchpad/old.lock
    #   -r speech/requirements.in
filelock==4.0.1
    # via
    #   -c /tmp/claude-0/-home-user-60s-magic/a076eb52-4526-51df-8cbc-9f9403f40a39/scratchpad/old.lock
    #   huggingface-hub
    #   torch
flatbuffers==25.12.19
    # via
    #   -c /tmp/claude-0/-home-user-60s-magic/a076eb52-4526-51df-8cbc-9f9403f40a39/scratchpad/old.lock
    #   onnxruntime
fsspec==2026.9.0
    # via
    #   -c /tmp/claude-0/-home-user-60s-magic/a076eb52-4526-51df-8cbc-9f9403f40a39/scratchpad/old.lock
    #   huggingface-hub
    #   torch
h11==0.16.0
    # via
    #   -c /tmp/claude-0/-home-user-60s-magic/a076eb52-4526-51df-8cbc-9f9403f40a39/scratchpad/old.lock
    #   httpcore
hf-xet==1.6.0 ; platform_machine == 'AMD64' or platform_machine == 'aarch64' or platform_machine == 'amd64' or platform_machine == 'arm64' or platform_machine == 'x86_64'
    # via
    #   -c /tmp/claude-0/-home-user-60s-magic/a076eb52-4526-51df-8cbc-9f9403f40a39/scratchpad/old.lock
    #   huggingface-hub
httpcore==1.0.9
    # via
    #   -c /tmp/claude-0/-home-user-60s-magic/a076eb52-4526-51df-8cbc-9f9403f40a39/scratchpad/old.lock
    #   httpx
httpx==0.28.1
    # via
    #   -c /tmp/claude-0/-home-user-60s-magic/a076eb52-4526-51df-8cbc-9f9403f40a39/scratchpad/old.lock
    #   huggingface-hub
huggingface-hub==1.32.0
    # via
    #   -c /tmp/claude-0/-home-user-60s-magic/a076eb52-4526-51df-8cbc-9f9403f40a39/scratchpad/old.lock
    #   faster-whisper
    #   mlx-whisper
    #   tokenizers
idna==3.20
    # via
    #   -c /tmp/claude-0/-home-user-60s-magic/a076eb52-4526-51df-8cbc-9f9403f40a39/scratchpad/old.lock
    #   anyio
    #   httpx
    #   requests
jinja2==3.1.6 ; platform_machine == 'arm64' and sys_platform == 'darwin'
    # via torch
llvmlite==0.49.0 ; platform_machine == 'arm64' and sys_platform == 'darwin'
    # via numba
markupsafe==3.0.3 ; platform_machine == 'arm64' and sys_platform == 'darwin'
    # via jinja2
mlx==0.32.2 ; platform_machine == 'arm64' and sys_platform == 'darwin'
    # via mlx-whisper
mlx-metal==0.32.2 ; platform_machine == 'arm64' and sys_platform == 'darwin'
    # via mlx
mlx-whisper==0.4.3 ; platform_machine == 'arm64' and sys_platform == 'darwin'
    # via -r speech/requirements.in
more-itertools==11.1.0 ; platform_machine == 'arm64' and sys_platform == 'darwin'
    # via mlx-whisper
mpmath==1.3.0 ; platform_machine == 'arm64' and sys_platform == 'darwin'
    # via sympy
networkx==3.6.1 ; platform_machine == 'arm64' and sys_platform == 'darwin'
    # via torch
numba==0.67.0 ; platform_machine == 'arm64' and sys_platform == 'darwin'
    # via mlx-whisper
numpy==2.5.3
    # via
    #   -c /tmp/claude-0/-home-user-60s-magic/a076eb52-4526-51df-8cbc-9f9403f40a39/scratchpad/old.lock
    #   ctranslate2
    #   mlx-whisper
    #   numba
    #   onnxruntime
    #   scipy
nvidia-cublas-cu12==12.9.2.10 ; sys_platform == 'win32'
    # via
    #   -c /tmp/claude-0/-home-user-60s-magic/a076eb52-4526-51df-8cbc-9f9403f40a39/scratchpad/old.lock
    #   -r speech/requirements.in
    #   nvidia-cudnn-cu12
nvidia-cuda-nvrtc-cu12==12.9.86 ; sys_platform == 'win32'
    # via
    #   -c /tmp/claude-0/-home-user-60s-magic/a076eb52-4526-51df-8cbc-9f9403f40a39/scratchpad/old.lock
    #   nvidia-cublas-cu12
nvidia-cudnn-cu12==9.26.0.51 ; sys_platform == 'win32'
    # via
    #   -c /tmp/claude-0/-home-user-60s-magic/a076eb52-4526-51df-8cbc-9f9403f40a39/scratchpad/old.lock
    #   -r speech/requirements.in
onnxruntime==1.30.0
    # via
    #   -c /tmp/claude-0/-home-user-60s-magic/a076eb52-4526-51df-8cbc-9f9403f40a39/scratchpad/old.lock
    #   faster-whisper
packaging==26.3
    # via
    #   -c /tmp/claude-0/-home-user-60s-magic/a076eb52-4526-51df-8cbc-9f9403f40a39/scratchpad/old.lock
    #   huggingface-hub
    #   onnxruntime
protobuf==7.36.2
    # via
    #   -c /tmp/claude-0/-home-user-60s-magic/a076eb52-4526-51df-8cbc-9f9403f40a39/scratchpad/old.lock
    #   onnxruntime
pyyaml==6.0.3
    # via
    #   -c /tmp/claude-0/-home-user-60s-magic/a076eb52-4526-51df-8cbc-9f9403f40a39/scratchpad/old.lock
    #   ctranslate2
    #   huggingface-hub
regex==2026.9.10 ; platform_machine == 'arm64' and sys_platform == 'darwin'
    # via tiktoken
requests==2.34.2 ; platform_machine == 'arm64' and sys_platform == 'darwin'
    # via tiktoken
scipy==1.18.1 ; platform_machine == 'arm64' and sys_platform == 'darwin'
    # via mlx-whisper
setuptools==84.0.0 ; platform_machine == 'arm64' and sys_platform == 'darwin'
    # via torch
sympy==1.14.0 ; platform_machine == 'arm64' and sys_platform == 'darwin'
    # via torch
tiktoken==0.14.0 ; platform_machine == 'arm64' and sys_platform == 'darwin'
    # via mlx-whisper
tokenizers==0.23.2
    # via
    #   -c /tmp/claude-0/-home-user-60s-magic/a076eb52-4526-51df-8cbc-9f9403f40a39/scratchpad/old.lock
    #   faster-whisper
torch==2.14.0 ; platform_machine == 'arm64' and sys_platform == 'darwin'
    # via mlx-whisper
tqdm==4.70.1
    # via
    #   -c /tmp/claude-0/-home-user-60s-magic/a076eb52-4526-51df-8cbc-9f9403f40a39/scratchpad/old.lock
    #   faster-whisper
    #   huggingface-hub
    #   mlx-whisper
typing-extensions==4.16.0
    # via
    #   -c /tmp/claude-0/-home-user-60s-magic/a076eb52-4526-51df-8cbc-9f9403f40a39/scratchpad/old.lock
    #   anyio
    #   huggingface-hub
    #   torch
urllib3==2.8.0 ; platform_machine == 'arm64' and sys_platform == 'darwin'
    # via requests
